
Microsoft Visual Studio Solution File, Format Version 12.00
# Visual Studio Version 17
VisualStudioVersion = 17.14.36121.58 d17.14
MinimumVisualStudioVersion = 10.0.40219.1
Project("{FAE04EC0-301F-11D3-BF4B-00C04F79EFBC}") = "EC.DIWorkerService", "EC.DIWorkerService\EC.DIWorkerService.csproj", "{535A45A3-B377-4F9E-8980-45DAB2C4BFB3}"
EndProject
Project("{FAE04EC0-301F-11D3-BF4B-00C04F79EFBC}") = "EC.DIStrategyPattern.Api", "EC.DIStrategyPattern.Api\EC.DIStrategyPattern.Api.csproj", "{B3BE3FBF-D0CC-41A4-BE39-DCE62F3ED0B0}"
EndProject
Project("{FAE04EC0-301F-11D3-BF4B-00C04F79EFBC}") = "EC.DIFeatureFolder.Razor", "EC.DIFeatureFolder.Razor\EC.DIFeatureFolder.Razor.csproj", "{4BDA54C1-3195-497D-B5ED-232E13F51B9B}"
EndProject
Global
	GlobalSection(SolutionConfigurationPlatforms) = preSolution
		Debug|Any CPU = Debug|Any CPU
		Release|Any CPU = Release|Any CPU
	EndGlobalSection
	GlobalSection(ProjectConfigurationPlatforms) = postSolution
		{535A45A3-B377-4F9E-8980-45DAB2C4BFB3}.Debug|Any CPU.ActiveCfg = Debug|Any CPU
		{535A45A3-B377-4F9E-8980-45DAB2C4BFB3}.Debug|Any CPU.Build.0 = Debug|Any CPU
		{535A45A3-B377-4F9E-8980-45DAB2C4BFB3}.Release|Any CPU.ActiveCfg = Release|Any CPU
		{535A45A3-B377-4F9E-8980-45DAB2C4BFB3}.Release|Any CPU.Build.0 = Release|Any CPU
		{B3BE3FBF-D0CC-41A4-BE39-DCE62F3ED0B0}.Debug|Any CPU.ActiveCfg = Debug|Any CPU
		{B3BE3FBF-D0CC-41A4-BE39-DCE62F3ED0B0}.Debug|Any CPU.Build.0 = Debug|Any CPU
		{B3BE3FBF-D0CC-41A4-BE39-DCE62F3ED0B0}.Release|Any CPU.ActiveCfg = Release|Any CPU
		{B3BE3FBF-D0CC-41A4-BE39-DCE62F3ED0B0}.Release|Any CPU.Build.0 = Release|Any CPU
		{4BDA54C1-3195-497D-B5ED-232E13F51B9B}.Debug|Any CPU.ActiveCfg = Debug|Any CPU
		{4BDA54C1-3195-497D-B5ED-232E13F51B9B}.Debug|Any CPU.Build.0 = Debug|Any CPU
		{4BDA54C1-3195-497D-B5ED-232E13F51B9B}.Release|Any CPU.ActiveCfg = Release|Any CPU
		{4BDA54C1-3195-497D-B5ED-232E13F51B9B}.Release|Any CPU.Build.0 = Release|Any CPU
	EndGlobalSection
	GlobalSection(SolutionProperties) = preSolution
		HideSolutionNode = FALSE
	EndGlobalSection
	GlobalSection(ExtensibilityGlobals) = postSolution
		SolutionGuid = {D1F82E50-4D44-421D-9CD4-C1DEB32122CB}
	EndGlobalSection
EndGlobal
